# This file is automatically @generated by Poetry 1.5.4 and should not be changed by hand.

[[package]]
name = "cexprtk"
version = "0.4.1"
description = "Mathematical expression parser: cython wrapper around the 'C++ Mathematical Expression Toolkit Library'"
optional = false
python-versions = "*"
files = [
    {file = "cexprtk-0.4.1-cp310-cp310-macosx_10_9_x86_64.whl", hash = "sha256:30098864b97906a3bafa8f32bb64534b449d673f39a87296df2e383d3b6b13c1"},
    {file = "cexprtk-0.4.1-cp310-cp310-macosx_11_0_arm64.whl", hash = "sha256:80ea10d58966e560f86f651d86c166560125eaebf5b4bec0d60660001afa0ab9"},
    {file = "cexprtk-0.4.1-cp310-cp310-manylinux_2_17_i686.manylinux2014_i686.whl", hash = "sha256:6e45a2e25576e496b55f717cd89a355a619e88d6c165ae907ed9d6edf33ff070"},
    {file = "cexprtk-0.4.1-cp310-cp310-manylinux_2_17_x86_64.manylinux2014_x86_64.whl", hash = "sha256:e383897a9a201e1c6af0e5355c8ededffdb4e574f33917ff4690e3f0f1e59f01"},
    {file = "cexprtk-0.4.1-cp310-cp310-musllinux_1_1_i686.whl", hash = "sha256:29e06633a0a96572eb3289a4d3497f710b49ec4dd659464c737ad59024ed4d92"},
    {file = "cexprtk-0.4.1-cp310-cp310-musllinux_1_1_x86_64.whl", hash = "sha256:679a28b3382ac5dff9b8f17aca83dea2f16de8e6847db6462237ed7167c51b30"},
    {file = "cexprtk-0.4.1-cp310-cp310-win32.whl", hash = "sha256:c60a28f00b84a8071ab66ffc686605e17f3042b363b594fd9d844d2e7e6042d0"},
    {file = "cexprtk-0.4.1-cp310-cp310-win_amd64.whl", hash = "sha256:ddae8dcca28dad136be958a533eb8248f92d5adabf604b6b20eaed1312880afa"},
    {file = "cexprtk-0.4.1-cp311-cp311-macosx_10_9_x86_64.whl", hash = "sha256:5a54f7dfa0ba59f3aa6385342b751c347585bd737e700e460b6df2fd4082b98e"},
    {file = "cexprtk-0.4.1-cp311-cp311-macosx_11_0_arm64.whl", hash = "sha256:0d88a814742eea6f1becdd72b1fed8d8aabab20a5a58172515f73c22d1c014f1"},
    {file = "cexprtk-0.4.1-cp311-cp311-manylinux_2_17_i686.manylinux2014_i686.whl", hash = "sha256:989279d15176885de35617195f699d894decfadf26621f5c3cec12684181ce76"},
    {file = "cexprtk-0.4.1-cp311-cp311-manylinux_2_17_x86_64.manylinux2014_x86_64.whl", hash = "sha256:aafa65856f98d07ad1e92a12f325de383426233b53d05dbe58f4d3eb2108e6a8"},
    {file = "cexprtk-0.4.1-cp311-cp311-musllinux_1_1_i686.whl", hash = "sha256:093d4439c6d7e80978e4c521a3875e77c1ba6d15fb589f05f62b306e280c3878"},
    {file = "cexprtk-0.4.1-cp311-cp311-musllinux_1_1_x86_64.whl", hash = "sha256:1b6178ad78f8f5663fe7178742e396fabf1ee24233eb111569de9c78ae9c7303"},
    {file = "cexprtk-0.4.1-cp311-cp311-win32.whl", hash = "sha256:6b2380e94b1bb3ddb97711c2fa06d9d0b7d75247922d6fd711daa6b1aae83d24"},
    {file = "cexprtk-0.4.1-cp311-cp311-win_amd64.whl", hash = "sha256:854ea1146b8ed56db89cd340c8df14eee9fc3b93e620e4aa019c55d0b6530921"},
    {file = "cexprtk-0.4.1-cp36-cp36m-macosx_10_9_x86_64.whl", hash = "sha256:5dc23b11c90447b630520ea2d1ea882e79d3699cfe7048820e8614684b2eafc1"},
    {file = "cexprtk-0.4.1-cp36-cp36m-manylinux_2_17_i686.manylinux2014_i686.whl", hash = "sha256:c0f65ab07f7c0b834fb7884227424e20c82989df4bda90f3aff002e538c6f1cc"},
    {file = "cexprtk-0.4.1-cp36-cp36m-manylinux_2_17_x86_64.manylinux2014_x86_64.whl", hash = "sha256:85167566601e269a8e709b85e43ce185dcd5c939827303890c1190fbffe23695"},
    {file = "cexprtk-0.4.1-cp36-cp36m-musllinux_1_1_i686.whl", hash = "sha256:9bcf23417968ba2a5af8c38a0e70d7ee3487c4c7e2a34c9b4c0b3a8eadea3750"},
    {file = "cexprtk-0.4.1-cp36-cp36m-musllinux_1_1_x86_64.whl", hash = "sha256:6c3dd611ffbbb265cfbffef209ec17456db5f6dc5f99b019f713506aaf631427"},
    {file = "cexprtk-0.4.1-cp36-cp36m-win32.whl", hash = "sha256:9bf13aeb01ed2d95b0e3f92137fd3bd2f5d366c6c13a73bb3e580a8ccbe6f573"},
    {file = "cexprtk-0.4.1-cp36-cp36m-win_amd64.whl", hash = "sha256:547b9bfb7ffaba6b030456d4d594e2298e917dfb8f18bbc48696f3122de93332"},
    {file = "cexprtk-0.4.1-cp37-cp37m-macosx_10_9_x86_64.whl", hash = "sha256:46ecc5ea91bb8c0cc20de4b16163e74a42ddbff7e9eb836813d778f578c946ec"},
    {file = "cexprtk-0.4.1-cp37-cp37m-manylinux_2_17_i686.manylinux2014_i686.whl", hash = "sha256:ce99c11de9e0b10e8a490da3ca4516e1884a2167f2ec43d0d5bd4e34a1178fcd"},
    {file = "cexprtk-0.4.1-cp37-cp37m-manylinux_2_17_x86_64.manylinux2014_x86_64.whl", hash = "sha256:5d34d2fb90c38f3fdd3495b3ccdacd45ba2575caef6d9bc189db0592f62ea6d9"},
    {file = "cexprtk-0.4.1-cp37-cp37m-musllinux_1_1_i686.whl", hash = "sha256:5e95b772dc0cff067491d078980e329429fefab99db3138ff24222d23c3eb558"},
    {file = "cexprtk-0.4.1-cp37-cp37m-musllinux_1_1_x86_64.whl", hash = "sha256:f802703ed6e3604863089a765cfc5080eba91a93fd5d99db06ec2e96b76b7cd1"},
    {file = "cexprtk-0.4.1-cp37-cp37m-win32.whl", hash = "sha256:49b423df047a1b1e52c68c32f968e09c8fe0023ac7c7c08d5ddc135083f4bb1e"},
    {file = "cexprtk-0.4.1-cp37-cp37m-win_amd64.whl", hash = "sha256:bb00adfa6b08e3251688686e78cff51da018da48ae81f243a30ad676272f8db6"},
    {file = "cexprtk-0.4.1-cp38-cp38-macosx_10_9_x86_64.whl", hash = "sha256:11df965b4971b1d7af507e163d14a1690a592eef9823c623cec7d087a996911f"},
    {file = "cexprtk-0.4.1-cp38-cp38-macosx_11_0_arm64.whl", hash = "sha256:fe69c682bc9f3df65f196f4f1f90fc144c7b088e14f894e024efc08fc9058691"},
    {file = "cexprtk-0.4.1-cp38-cp38-manylinux_2_17_i686.manylinux2014_i686.whl", hash = "sha256:05d2b245e8bbd7becbf24da9b376751078d60c5c8a11655cbb1f259a00316110"},
    {file = "cexprtk-0.4.1-cp38-cp38-manylinux_2_17_x86_64.manylinux2014_x86_64.whl", hash = "sha256:7abd16ce6158da8d0607b5c0cf34fd601d677cd46520d3d379f07c0a3b4076f9"},
    {file = "cexprtk-0.4.1-cp38-cp38-musllinux_1_1_i686.whl", hash = "sha256:f6f4c972e303ec135f89514bfc6c5450f0eaa78e7f8b2062f0d1d29cd716687b"},
    {file = "cexprtk-0.4.1-cp38-cp38-musllinux_1_1_x86_64.whl", hash = "sha256:b833e7e03984beba5cc208f78af2d709f0a57f9d5fd34efaa71aea8a0b54f10c"},
    {file = "cexprtk-0.4.1-cp38-cp38-win32.whl", hash = "sha256:4a16b5bae186fcb7a1ed127d0cd7f382b8c28ef19de63f79e175d7dc81a32b60"},
    {file = "cexprtk-0.4.1-cp38-cp38-win_amd64.whl", hash = "sha256:8e8f46fc4f7a0e30bb1b1fe9ef257e611f7e92c91a5c1be23019a7015381c19c"},
    {file = "cexprtk-0.4.1-cp39-cp39-macosx_10_9_x86_64.whl", hash = "sha256:95e69ca7ada4fb9cab55542601ca39e642f5a67b80f0c984b5d4958260d41097"},
    {file = "cexprtk-0.4.1-cp39-cp39-macosx_11_0_arm64.whl", hash = "sha256:7abeef15b5623fe1169a4dbc16ade2de88128a15a1f2708c83c663c0268bcbb9"},
    {file = "cexprtk-0.4.1-cp39-cp39-manylinux_2_17_i686.manylinux2014_i686.whl", hash = "sha256:3d32590cb2a0ddc681e3c51577293424b58549487c52fdf3c900ea164a82144d"},
    {file = "cexprtk-0.4.1-cp39-cp39-manylinux_2_17_x86_64.manylinux2014_x86_64.whl", hash = "sha256:682d0059c727f77b99fc7e4b8928e32449d5e7d1fc0fd6223998e03fabc576c4"},
    {file = "cexprtk-0.4.1-cp39-cp39-musllinux_1_1_i686.whl", hash = "sha256:d521b16103a9b8289c63812a6948ca8042d47e611b747f787568a85a22e6aff6"},
    {file = "cexprtk-0.4.1-cp39-cp39-musllinux_1_1_x86_64.whl", hash = "sha256:6b4a7ae5b94bf27ab9eb4225db59762c7ee6a5f0f2053e115323e563f1011757"},
    {file = "cexprtk-0.4.1-cp39-cp39-win32.whl", hash = "sha256:a076bb35ab421e512e3299463b32c49b2268207cbe0bc18f58a9fa94156d8401"},
    {file = "cexprtk-0.4.1-cp39-cp39-win_amd64.whl", hash = "sha256:2112958927b3ffd2c56f7ecf937228465d3a3265e48e64f34e8661d8a5e6c8e6"},
    {file = "cexprtk-0.4.1.tar.gz", hash = "sha256:4217ed2326ee7d53cefd86cb172711e2a60402d40c7113cfe63292ea8e9d1598"},
]

[metadata]
lock-version = "2.0"
python-versions = ">=3.10.0,<3.11"
content-hash = "bb649c7ab0948a0d6f6a0d4ed896e0dd8fafbf720ae5621110906d11a7483551"
